
Microsoft Visual Studio Solution File, Format Version 12.00
# Visual Studio Version 16
VisualStudioVersion = 16.0.29209.62
MinimumVisualStudioVersion = 10.0.40219.1
Project("{2150E333-8FDC-42A3-9474-1A3956D46DE8}") = "Tests", "Tests", "{A87208F3-D73C-4AD4-9FF5-0314968EDD74}"
EndProject
Project("{2150E333-8FDC-42A3-9474-1A3956D46DE8}") = "Solution Items", "Solution Items", "{E3559EF9-ED4A-4169-9287-6F94CFBD09FA}"
	ProjectSection(SolutionItems) = preProject
		.gitignore = .gitignore
		appveyor.yml = appveyor.yml
		NuGet.config = NuGet.config
		README.md = README.md
		RepositoryInfo.xml = RepositoryInfo.xml
		Common\Shared.props = Common\Shared.props
		Common\SharedKey.snk = Common\SharedKey.snk
	EndProjectSection
EndProject
Project("{9A19103F-16F7-4668-BE54-9A1E7A4F7556}") = "CodeCakeBuilder", "CodeCakeBuilder\CodeCakeBuilder.csproj", "{C495D3DF-2E63-466B-9886-DE8A3EFBD584}"
EndProject
Project("{9A19103F-16F7-4668-BE54-9A1E7A4F7556}") = "CK.ActivityMonitor", "CK.ActivityMonitor\CK.ActivityMonitor.csproj", "{C7F528C3-FE24-41F0-BC88-DA170FA4135B}"
EndProject
Project("{9A19103F-16F7-4668-BE54-9A1E7A4F7556}") = "CK.ActivityMonitor.Tests", "Tests\CK.ActivityMonitor.Tests\CK.ActivityMonitor.Tests.csproj", "{3D7C6FB7-B726-43E7-BC1C-74DC421CBA93}"
EndProject
Project("{9A19103F-16F7-4668-BE54-9A1E7A4F7556}") = "CK.ActivityMonitor.StandardSender", "CK.ActivityMonitor.StandardSender\CK.ActivityMonitor.StandardSender.csproj", "{0EEB4D1B-0BE1-47CD-AD96-810354A73100}"
EndProject
Project("{9A19103F-16F7-4668-BE54-9A1E7A4F7556}") = "CK.ActivityMonitor.SimpleSender", "CK.ActivityMonitor.SimpleSender\CK.ActivityMonitor.SimpleSender.csproj", "{D938232C-9B33-45FB-9266-038E06D7BC36}"
EndProject
Project("{9A19103F-16F7-4668-BE54-9A1E7A4F7556}") = "WeakNameConsole", "Tests\WeakNameConsole\WeakNameConsole.csproj", "{9B4FA0F7-2594-4BE4-980D-1BF008059DCE}"
EndProject
Project("{9A19103F-16F7-4668-BE54-9A1E7A4F7556}") = "CK.PerfectEvent", "CK.PerfectEvent\CK.PerfectEvent.csproj", "{E7048C22-022F-46DB-AA5C-D1AC0BC00424}"
EndProject
Global
	GlobalSection(SolutionConfigurationPlatforms) = preSolution
		Debug|Any CPU = Debug|Any CPU
		Release|Any CPU = Release|Any CPU
	EndGlobalSection
	GlobalSection(ProjectConfigurationPlatforms) = postSolution
		{C495D3DF-2E63-466B-9886-DE8A3EFBD584}.Debug|Any CPU.ActiveCfg = Debug|Any CPU
		{C495D3DF-2E63-466B-9886-DE8A3EFBD584}.Debug|Any CPU.Build.0 = Debug|Any CPU
		{C495D3DF-2E63-466B-9886-DE8A3EFBD584}.Release|Any CPU.ActiveCfg = Release|Any CPU
		{C495D3DF-2E63-466B-9886-DE8A3EFBD584}.Release|Any CPU.Build.0 = Release|Any CPU
		{C7F528C3-FE24-41F0-BC88-DA170FA4135B}.Debug|Any CPU.ActiveCfg = Debug|Any CPU
		{C7F528C3-FE24-41F0-BC88-DA170FA4135B}.Debug|Any CPU.Build.0 = Debug|Any CPU
		{C7F528C3-FE24-41F0-BC88-DA170FA4135B}.Release|Any CPU.ActiveCfg = Release|Any CPU
		{C7F528C3-FE24-41F0-BC88-DA170FA4135B}.Release|Any CPU.Build.0 = Release|Any CPU
		{3D7C6FB7-B726-43E7-BC1C-74DC421CBA93}.Debug|Any CPU.ActiveCfg = Debug|Any CPU
		{3D7C6FB7-B726-43E7-BC1C-74DC421CBA93}.Debug|Any CPU.Build.0 = Debug|Any CPU
		{3D7C6FB7-B726-43E7-BC1C-74DC421CBA93}.Release|Any CPU.ActiveCfg = Release|Any CPU
		{3D7C6FB7-B726-43E7-BC1C-74DC421CBA93}.Release|Any CPU.Build.0 = Release|Any CPU
		{0EEB4D1B-0BE1-47CD-AD96-810354A73100}.Debug|Any CPU.ActiveCfg = Debug|Any CPU
		{0EEB4D1B-0BE1-47CD-AD96-810354A73100}.Debug|Any CPU.Build.0 = Debug|Any CPU
		{0EEB4D1B-0BE1-47CD-AD96-810354A73100}.Release|Any CPU.ActiveCfg = Release|Any CPU
		{0EEB4D1B-0BE1-47CD-AD96-810354A73100}.Release|Any CPU.Build.0 = Release|Any CPU
		{D938232C-9B33-45FB-9266-038E06D7BC36}.Debug|Any CPU.ActiveCfg = Debug|Any CPU
		{D938232C-9B33-45FB-9266-038E06D7BC36}.Debug|Any CPU.Build.0 = Debug|Any CPU
		{D938232C-9B33-45FB-9266-038E06D7BC36}.Release|Any CPU.ActiveCfg = Release|Any CPU
		{D938232C-9B33-45FB-9266-038E06D7BC36}.Release|Any CPU.Build.0 = Release|Any CPU
		{9B4FA0F7-2594-4BE4-980D-1BF008059DCE}.Debug|Any CPU.ActiveCfg = Debug|Any CPU
		{9B4FA0F7-2594-4BE4-980D-1BF008059DCE}.Debug|Any CPU.Build.0 = Debug|Any CPU
		{9B4FA0F7-2594-4BE4-980D-1BF008059DCE}.Release|Any CPU.ActiveCfg = Release|Any CPU
		{9B4FA0F7-2594-4BE4-980D-1BF008059DCE}.Release|Any CPU.Build.0 = Release|Any CPU
		{E7048C22-022F-46DB-AA5C-D1AC0BC00424}.Debug|Any CPU.ActiveCfg = Debug|Any CPU
		{E7048C22-022F-46DB-AA5C-D1AC0BC00424}.Debug|Any CPU.Build.0 = Debug|Any CPU
		{E7048C22-022F-46DB-AA5C-D1AC0BC00424}.Release|Any CPU.ActiveCfg = Release|Any CPU
		{E7048C22-022F-46DB-AA5C-D1AC0BC00424}.Release|Any CPU.Build.0 = Release|Any CPU
	EndGlobalSection
	GlobalSection(SolutionProperties) = preSolution
		HideSolutionNode = FALSE
	EndGlobalSection
	GlobalSection(NestedProjects) = preSolution
		{3D7C6FB7-B726-43E7-BC1C-74DC421CBA93} = {A87208F3-D73C-4AD4-9FF5-0314968EDD74}
		{9B4FA0F7-2594-4BE4-980D-1BF008059DCE} = {A87208F3-D73C-4AD4-9FF5-0314968EDD74}
	EndGlobalSection
	GlobalSection(ExtensibilityGlobals) = postSolution
		SolutionGuid = {8BDD2562-0C87-40BA-98AA-A666A8DC27A0}
	EndGlobalSection
EndGlobal
